
Microsoft Visual Studio Solution File, Format Version 12.00
# Visual Studio Version 17
VisualStudioVersion = 17.7.34031.279
MinimumVisualStudioVersion = 10.0.40219.1
Project("{FAE04EC0-301F-11D3-BF4B-00C04F79EFBC}") = "APICatalogo", "APICatalogo\APICatalogo.csproj", "{F5326360-34DF-4213-96FD-6D70A63D805F}"
EndProject
Global
	GlobalSection(SolutionConfigurationPlatforms) = preSolution
		Debug|Any CPU = Debug|Any CPU
		Release|Any CPU = Release|Any CPU
	EndGlobalSection
	GlobalSection(ProjectConfigurationPlatforms) = postSolution
		{F5326360-34DF-4213-96FD-6D70A63D805F}.Debug|Any CPU.ActiveCfg = Debug|Any CPU
		{F5326360-34DF-4213-96FD-6D70A63D805F}.Debug|Any CPU.Build.0 = Debug|Any CPU
		{F5326360-34DF-4213-96FD-6D70A63D805F}.Release|Any CPU.ActiveCfg = Release|Any CPU
		{F5326360-34DF-4213-96FD-6D70A63D805F}.Release|Any CPU.Build.0 = Release|Any CPU
	EndGlobalSection
	GlobalSection(SolutionProperties) = preSolution
		HideSolutionNode = FALSE
	EndGlobalSection
	GlobalSection(ExtensibilityGlobals) = postSolution
		SolutionGuid = {EBE97FA2-B44A-4AEB-8C2C-AC4A4D0E4481}
	EndGlobalSection
EndGlobal
